
Microsoft Visual Studio Solution File, Format Version 12.00
# Visual Studio Version 16
VisualStudioVersion = 16.0.30406.217
MinimumVisualStudioVersion = 10.0.40219.1
Project("{888888A0-9F3D-457C-B088-3A5042F75D52}") = "RLC_Sim", "RLC_Sim\RLC_Sim.pyproj", "{4C19DC19-7AB3-4926-A442-AACDDA60C289}"
EndProject
Global
	GlobalSection(SolutionConfigurationPlatforms) = preSolution
		Debug|Any CPU = Debug|Any CPU
		Release|Any CPU = Release|Any CPU
	EndGlobalSection
	GlobalSection(ProjectConfigurationPlatforms) = postSolution
		{4C19DC19-7AB3-4926-A442-AACDDA60C289}.Debug|Any CPU.ActiveCfg = Debug|Any CPU
		{4C19DC19-7AB3-4926-A442-AACDDA60C289}.Release|Any CPU.ActiveCfg = Release|Any CPU
	EndGlobalSection
	GlobalSection(SolutionProperties) = preSolution
		HideSolutionNode = FALSE
	EndGlobalSection
	GlobalSection(ExtensibilityGlobals) = postSolution
		SolutionGuid = {3295998B-190C-49AD-886C-7879BBF89DD3}
	EndGlobalSection
EndGlobal
